{
  "nodes": {
    "base": {
      "inputs": {
        "flake-utils": "flake-utils",
        "localpkgs": [
          "localpkgs"
        ],
        "nixpkgs": [
          "nixpkgs"
        ]
      },
      "locked": {
        "lastModified": 1700409702,
        "narHash": "sha256-4A/ZfeVLf7MGDHLoUOb30t4ClqCpSUqX+u7L5an/1Hc=",
        "owner": "randymarsh77",
        "repo": "nix",
        "rev": "fa081993ffe9f83c5edc38d10fc8654b1466c64c",
        "type": "github"
      },
      "original": {
        "owner": "randymarsh77",
        "ref": "master",
        "repo": "nix",
        "type": "github"
      }
    },
    "darwin": {
      "inputs": {
        "nixpkgs": [
          "nixpkgs"
        ]
      },
      "locked": {
        "lastModified": 1699867978,
        "narHash": "sha256-+arl45HUOcBdKiRGrKXZYXDyBQ6MQGkYPZa/28f6Yzo=",
        "owner": "LnL7",
        "repo": "nix-darwin",
        "rev": "e67f2bf515343da378c3f82f098df8ca01bccc5f",
        "type": "github"
      },
      "original": {
        "owner": "LnL7",
        "ref": "master",
        "repo": "nix-darwin",
        "type": "github"
      }
    },
    "flake-utils": {
      "inputs": {
        "systems": "systems"
      },
      "locked": {
        "lastModified": 1694529238,
        "narHash": "sha256-zsNZZGTGnMOf9YpHKJqMSsa0dXbfmxeoJ7xHlrt+xmY=",
        "owner": "numtide",
        "repo": "flake-utils",
        "rev": "ff7b65b44d01cf9ba6a71320833626af21126384",
        "type": "github"
      },
      "original": {
        "id": "flake-utils",
        "type": "indirect"
      }
    },
    "flake-utils_2": {
      "inputs": {
        "systems": "systems_2"
      },
      "locked": {
        "lastModified": 1694529238,
        "narHash": "sha256-zsNZZGTGnMOf9YpHKJqMSsa0dXbfmxeoJ7xHlrt+xmY=",
        "owner": "numtide",
        "repo": "flake-utils",
        "rev": "ff7b65b44d01cf9ba6a71320833626af21126384",
        "type": "github"
      },
      "original": {
        "id": "flake-utils",
        "type": "indirect"
      }
    },
    "localpkgs": {
      "inputs": {
        "flake-utils": "flake-utils_2",
        "nixpkgs": "nixpkgs"
      },
      "locked": {
        "dir": "pkgs",
        "lastModified": 1700409702,
        "narHash": "sha256-4A/ZfeVLf7MGDHLoUOb30t4ClqCpSUqX+u7L5an/1Hc=",
        "owner": "randymarsh77",
        "repo": "nix",
        "rev": "fa081993ffe9f83c5edc38d10fc8654b1466c64c",
        "type": "github"
      },
      "original": {
        "dir": "pkgs",
        "owner": "randymarsh77",
        "ref": "master",
        "repo": "nix",
        "type": "github"
      }
    },
    "nixpkgs": {
      "locked": {
        "lastModified": 1700261589,
        "narHash": "sha256-udOJesHdcj3wrSxSIoxtxmEwvuylzeBVp0wdq5qmlQ8=",
        "owner": "NixOS",
        "repo": "nixpkgs",
        "rev": "605b6f5e24ea3cbcec3be57853d27b721a6f3ec1",
        "type": "github"
      },
      "original": {
        "id": "nixpkgs",
        "type": "indirect"
      }
    },
    "nixpkgs_2": {
      "locked": {
        "lastModified": 1700409782,
        "narHash": "sha256-oNCXseWgCZRVFba7vHKzn0dc/QMV6fd/wCVyl8QeGDQ=",
        "owner": "NixOS",
        "repo": "nixpkgs",
        "rev": "3a9f07dd8d0e488bf66181a5ce21f110cfc074d7",
        "type": "github"
      },
      "original": {
        "owner": "NixOS",
        "ref": "master",
        "repo": "nixpkgs",
        "type": "github"
      }
    },
    "root": {
      "inputs": {
        "base": "base",
        "darwin": "darwin",
        "localpkgs": "localpkgs",
        "nixpkgs": "nixpkgs_2"
      }
    },
    "systems": {
      "locked": {
        "lastModified": 1681028828,
        "narHash": "sha256-Vy1rq5AaRuLzOxct8nz4T6wlgyUR7zLU309k9mBC768=",
        "owner": "nix-systems",
        "repo": "default",
        "rev": "da67096a3b9bf56a91d16901293e51ba5b49a27e",
        "type": "github"
      },
      "original": {
        "owner": "nix-systems",
        "repo": "default",
        "type": "github"
      }
    },
    "systems_2": {
      "locked": {
        "lastModified": 1681028828,
        "narHash": "sha256-Vy1rq5AaRuLzOxct8nz4T6wlgyUR7zLU309k9mBC768=",
        "owner": "nix-systems",
        "repo": "default",
        "rev": "da67096a3b9bf56a91d16901293e51ba5b49a27e",
        "type": "github"
      },
      "original": {
        "owner": "nix-systems",
        "repo": "default",
        "type": "github"
      }
    }
  },
  "root": "root",
  "version": 7
}
